
Microsoft Visual Studio Solution File, Format Version 12.00
# Visual Studio Version 17
VisualStudioVersion = 17.9.34723.18
MinimumVisualStudioVersion = 10.0.40219.1
Project("{FAE04EC0-301F-11D3-BF4B-00C04F79EFBC}") = "SendKeysTest", "SendKeysTest\SendKeysTest.csproj", "{DED711A6-B911-49DE-A485-ED702F3DD836}"
EndProject
Global
	GlobalSection(SolutionConfigurationPlatforms) = preSolution
		Debug|Any CPU = Debug|Any CPU
		Release|Any CPU = Release|Any CPU
	EndGlobalSection
	GlobalSection(ProjectConfigurationPlatforms) = postSolution
		{DED711A6-B911-49DE-A485-ED702F3DD836}.Debug|Any CPU.ActiveCfg = Debug|Any CPU
		{DED711A6-B911-49DE-A485-ED702F3DD836}.Debug|Any CPU.Build.0 = Debug|Any CPU
		{DED711A6-B911-49DE-A485-ED702F3DD836}.Release|Any CPU.ActiveCfg = Release|Any CPU
		{DED711A6-B911-49DE-A485-ED702F3DD836}.Release|Any CPU.Build.0 = Release|Any CPU
	EndGlobalSection
	GlobalSection(SolutionProperties) = preSolution
		HideSolutionNode = FALSE
	EndGlobalSection
	GlobalSection(ExtensibilityGlobals) = postSolution
		SolutionGuid = {898D9325-5C4F-4611-938B-F0CCCFECCBF7}
	EndGlobalSection
EndGlobal
